<?xml version="1.0" encoding="utf-8"?>
<Project ToolsVersion="17.0" xmlns="http://schemas.microsoft.com/developer/msbuild/2003">
  <ItemGroup>
    <CustomBuild Include="D:\ch\project\utils-support-native-parent\utils-support-native-shm-queue\build-vs\CMakeFiles\1c8df20c65887e6217a3d5d2e6243500\RUN_TESTS_force.rule">
      <Filter>CMake Rules</Filter>
    </CustomBuild>
  </ItemGroup>
  <ItemGroup>
    <Filter Include="CMake Rules">
      <UniqueIdentifier>{7BDCD6CB-4FD4-3F67-A253-305AFA8355A3}</UniqueIdentifier>
    </Filter>
  </ItemGroup>
</Project>
